
Microsoft Visual Studio Solution File, Format Version 12.00
# Visual Studio Version 17
VisualStudioVersion = 17.6.33723.286
MinimumVisualStudioVersion = 10.0.40219.1
Project("{9A19103F-16F7-4668-BE54-9A1E7A4F7556}") = "2023", "2023\2023.csproj", "{CE29D32B-7C15-4A5D-9ED3-9DDBEBC89833}"
EndProject
Project("{FAE04EC0-301F-11D3-BF4B-00C04F79EFBC}") = "2022", "2022\2022.csproj", "{81065A9F-8A2D-45BB-94FB-68D3D50479D4}"
EndProject
Global
	GlobalSection(SolutionConfigurationPlatforms) = preSolution
		Debug|Any CPU = Debug|Any CPU
		Release|Any CPU = Release|Any CPU
	EndGlobalSection
	GlobalSection(ProjectConfigurationPlatforms) = postSolution
		{CE29D32B-7C15-4A5D-9ED3-9DDBEBC89833}.Debug|Any CPU.ActiveCfg = Debug|Any CPU
		{CE29D32B-7C15-4A5D-9ED3-9DDBEBC89833}.Debug|Any CPU.Build.0 = Debug|Any CPU
		{CE29D32B-7C15-4A5D-9ED3-9DDBEBC89833}.Release|Any CPU.ActiveCfg = Release|Any CPU
		{CE29D32B-7C15-4A5D-9ED3-9DDBEBC89833}.Release|Any CPU.Build.0 = Release|Any CPU
		{81065A9F-8A2D-45BB-94FB-68D3D50479D4}.Debug|Any CPU.ActiveCfg = Debug|Any CPU
		{81065A9F-8A2D-45BB-94FB-68D3D50479D4}.Debug|Any CPU.Build.0 = Debug|Any CPU
		{81065A9F-8A2D-45BB-94FB-68D3D50479D4}.Release|Any CPU.ActiveCfg = Release|Any CPU
		{81065A9F-8A2D-45BB-94FB-68D3D50479D4}.Release|Any CPU.Build.0 = Release|Any CPU
	EndGlobalSection
	GlobalSection(SolutionProperties) = preSolution
		HideSolutionNode = FALSE
	EndGlobalSection
	GlobalSection(ExtensibilityGlobals) = postSolution
		SolutionGuid = {3C572293-91C3-4BA6-A79B-D18F5D467968}
	EndGlobalSection
EndGlobal
